
Microsoft Visual Studio Solution File, Format Version 12.00
# Visual Studio 15
VisualStudioVersion = 15.0.27703.2035
MinimumVisualStudioVersion = 10.0.40219.1
Project("{FAE04EC0-301F-11D3-BF4B-00C04F79EFBC}") = "lesson1108", "lesson1108.csproj", "{C0E4EB76-0354-4FA2-A8E2-4773B72231A9}"
EndProject
Global
	GlobalSection(SolutionConfigurationPlatforms) = preSolution
		Debug|Any CPU = Debug|Any CPU
		Release|Any CPU = Release|Any CPU
	EndGlobalSection
	GlobalSection(ProjectConfigurationPlatforms) = postSolution
		{C0E4EB76-0354-4FA2-A8E2-4773B72231A9}.Debug|Any CPU.ActiveCfg = Debug|Any CPU
		{C0E4EB76-0354-4FA2-A8E2-4773B72231A9}.Debug|Any CPU.Build.0 = Debug|Any CPU
		{C0E4EB76-0354-4FA2-A8E2-4773B72231A9}.Release|Any CPU.ActiveCfg = Release|Any CPU
		{C0E4EB76-0354-4FA2-A8E2-4773B72231A9}.Release|Any CPU.Build.0 = Release|Any CPU
	EndGlobalSection
	GlobalSection(SolutionProperties) = preSolution
		HideSolutionNode = FALSE
	EndGlobalSection
	GlobalSection(ExtensibilityGlobals) = postSolution
		SolutionGuid = {B6717D80-48A7-4674-AF65-0F1D04F34406}
	EndGlobalSection
EndGlobal
