
Microsoft Visual Studio Solution File, Format Version 12.00
# Visual Studio 15
VisualStudioVersion = 15.0.27703.2035
MinimumVisualStudioVersion = 10.0.40219.1
Project("{FAE04EC0-301F-11D3-BF4B-00C04F79EFBC}") = "lesson1205-2", "lesson1205-2\lesson1205-2.csproj", "{9BC62A30-1048-4156-BD7E-F8D9DAA9969A}"
EndProject
Global
	GlobalSection(SolutionConfigurationPlatforms) = preSolution
		Debug|Any CPU = Debug|Any CPU
		Release|Any CPU = Release|Any CPU
	EndGlobalSection
	GlobalSection(ProjectConfigurationPlatforms) = postSolution
		{9BC62A30-1048-4156-BD7E-F8D9DAA9969A}.Debug|Any CPU.ActiveCfg = Debug|Any CPU
		{9BC62A30-1048-4156-BD7E-F8D9DAA9969A}.Debug|Any CPU.Build.0 = Debug|Any CPU
		{9BC62A30-1048-4156-BD7E-F8D9DAA9969A}.Release|Any CPU.ActiveCfg = Release|Any CPU
		{9BC62A30-1048-4156-BD7E-F8D9DAA9969A}.Release|Any CPU.Build.0 = Release|Any CPU
	EndGlobalSection
	GlobalSection(SolutionProperties) = preSolution
		HideSolutionNode = FALSE
	EndGlobalSection
	GlobalSection(ExtensibilityGlobals) = postSolution
		SolutionGuid = {DA053A1F-F7D8-4EA3-9150-381DCD4F2A4F}
	EndGlobalSection
EndGlobal
