
Microsoft Visual Studio Solution File, Format Version 12.00
# Visual Studio 15
VisualStudioVersion = 15.0.27703.2035
MinimumVisualStudioVersion = 10.0.40219.1
Project("{FAE04EC0-301F-11D3-BF4B-00C04F79EFBC}") = "test1112", "test1112.csproj", "{41419C67-456B-493F-831B-2F2762223F37}"
EndProject
Global
	GlobalSection(SolutionConfigurationPlatforms) = preSolution
		Debug|Any CPU = Debug|Any CPU
		Release|Any CPU = Release|Any CPU
	EndGlobalSection
	GlobalSection(ProjectConfigurationPlatforms) = postSolution
		{41419C67-456B-493F-831B-2F2762223F37}.Debug|Any CPU.ActiveCfg = Debug|Any CPU
		{41419C67-456B-493F-831B-2F2762223F37}.Debug|Any CPU.Build.0 = Debug|Any CPU
		{41419C67-456B-493F-831B-2F2762223F37}.Release|Any CPU.ActiveCfg = Release|Any CPU
		{41419C67-456B-493F-831B-2F2762223F37}.Release|Any CPU.Build.0 = Release|Any CPU
	EndGlobalSection
	GlobalSection(SolutionProperties) = preSolution
		HideSolutionNode = FALSE
	EndGlobalSection
	GlobalSection(ExtensibilityGlobals) = postSolution
		SolutionGuid = {C90C5728-2A09-423B-917C-900F349E5D7F}
	EndGlobalSection
EndGlobal
