
Microsoft Visual Studio Solution File, Format Version 12.00
# Visual Studio 15
VisualStudioVersion = 15.0.27703.2035
MinimumVisualStudioVersion = 10.0.40219.1
Project("{FAE04EC0-301F-11D3-BF4B-00C04F79EFBC}") = "lesson1112", "lesson1112.csproj", "{C76E5156-5ACE-416D-8E69-77E7FB4042CF}"
EndProject
Global
	GlobalSection(SolutionConfigurationPlatforms) = preSolution
		Debug|Any CPU = Debug|Any CPU
		Release|Any CPU = Release|Any CPU
	EndGlobalSection
	GlobalSection(ProjectConfigurationPlatforms) = postSolution
		{C76E5156-5ACE-416D-8E69-77E7FB4042CF}.Debug|Any CPU.ActiveCfg = Debug|Any CPU
		{C76E5156-5ACE-416D-8E69-77E7FB4042CF}.Debug|Any CPU.Build.0 = Debug|Any CPU
		{C76E5156-5ACE-416D-8E69-77E7FB4042CF}.Release|Any CPU.ActiveCfg = Release|Any CPU
		{C76E5156-5ACE-416D-8E69-77E7FB4042CF}.Release|Any CPU.Build.0 = Release|Any CPU
	EndGlobalSection
	GlobalSection(SolutionProperties) = preSolution
		HideSolutionNode = FALSE
	EndGlobalSection
	GlobalSection(ExtensibilityGlobals) = postSolution
		SolutionGuid = {5C8623A0-F5D2-443F-A6B7-28EE12D4E581}
	EndGlobalSection
EndGlobal
