
Microsoft Visual Studio Solution File, Format Version 12.00
# Visual Studio 15
VisualStudioVersion = 15.0.27703.2035
MinimumVisualStudioVersion = 10.0.40219.1
Project("{FAE04EC0-301F-11D3-BF4B-00C04F79EFBC}") = "lesson1114", "lesson1114.csproj", "{AA9A8DDB-214E-493B-93E5-F380B66CA39B}"
EndProject
Global
	GlobalSection(SolutionConfigurationPlatforms) = preSolution
		Debug|Any CPU = Debug|Any CPU
		Release|Any CPU = Release|Any CPU
	EndGlobalSection
	GlobalSection(ProjectConfigurationPlatforms) = postSolution
		{AA9A8DDB-214E-493B-93E5-F380B66CA39B}.Debug|Any CPU.ActiveCfg = Debug|Any CPU
		{AA9A8DDB-214E-493B-93E5-F380B66CA39B}.Debug|Any CPU.Build.0 = Debug|Any CPU
		{AA9A8DDB-214E-493B-93E5-F380B66CA39B}.Release|Any CPU.ActiveCfg = Release|Any CPU
		{AA9A8DDB-214E-493B-93E5-F380B66CA39B}.Release|Any CPU.Build.0 = Release|Any CPU
	EndGlobalSection
	GlobalSection(SolutionProperties) = preSolution
		HideSolutionNode = FALSE
	EndGlobalSection
	GlobalSection(ExtensibilityGlobals) = postSolution
		SolutionGuid = {B39982DE-AE27-477B-B805-1BCF2A142FE5}
	EndGlobalSection
EndGlobal
